// !$*UTF8*$!
{
	archiveVersion = 1;
	classes = {
	};
	objectVersion = 46;
	objects = {

/* Begin PBXBuildFile section */
		9F7EC5D51D07A0B000A2961F /* AppDelegate.swift in Sources */ = {isa = PBXBuildFile; fileRef = 9F7EC5D41D07A0B000A2961F /* AppDelegate.swift */; };
		9F7EC5D71D07A0B000A2961F /* ViewController.swift in Sources */ = {isa = PBXBuildFile; fileRef = 9F7EC5D61D07A0B000A2961F /* ViewController.swift */; };
		9F7EC5DA1D07A0B000A2961F /* Main.storyboard in Resources */ = {isa = PBXBuildFile; fileRef = 9F7EC5D81D07A0B000A2961F /* Main.storyboard */; };
		9F7EC5DC1D07A0B000A2961F /* Assets.xcassets in Resources */ = {isa = PBXBuildFile; fileRef = 9F7EC5DB1D07A0B000A2961F /* Assets.xcassets */; };
		9F7EC5DF1D07A0B000A2961F /* LaunchScreen.storyboard in Resources */ = {isa = PBXBuildFile; fileRef = 9F7EC5DD1D07A0B000A2961F /* LaunchScreen.storyboard */; };
/* End PBXBuildFile section */

/* Begin PBXFileReference section */
		9F7EC5D11D07A0B000A2961F /* Tumblr.app */ = {isa = PBXFileReference; explicitFileType = wrapper.application; includeInIndex = 0; path = Tumblr.app; sourceTree = BUILT_PRODUCTS_DIR; };
		9F7EC5D41D07A0B000A2961F /* AppDelegate.swift */ = {isa = PBXFileReference; lastKnownFileType = sourcecode.swift; path = AppDelegate.swift; sourceTree = "<group>"; };
		9F7EC5D61D07A0B000A2961F /* ViewController.swift */ = {isa = PBXFileReference; lastKnownFileType = sourcecode.swift; path = ViewController.swift; sourceTree = "<group>"; };
		9F7EC5D91D07A0B000A2961F /* Base */ = {isa = PBXFileReference; lastKnownFileType = file.storyboard; name = Base; path = Base.lproj/Main.storyboard; sourceTree = "<group>"; };
		9F7EC5DB1D07A0B000A2961F /* Assets.xcassets */ = {isa = PBXFileReference; lastKnownFileType = folder.assetcatalog; path = Assets.xcassets; sourceTree = "<group>"; };
		9F7EC5DE1D07A0B000A2961F /* Base */ = {isa = PBXFileReference; lastKnownFileType = file.storyboard; name = Base; path = Base.lproj/LaunchScreen.storyboard; sourceTree = "<group>"; };
		9F7EC5E01D07A0B000A2961F /* Info.plist */ = {isa = PBXFileReference; lastKnownFileType = text.plist.xml; path = Info.plist; sourceTree = "<group>"; };
/* End PBXFileReference section */

/* Begin PBXFrameworksBuildPhase section */
		9F7EC5CE1D07A0B000A2961F /* Frameworks */ = {
			isa = PBXFrameworksBuildPhase;
			buildActionMask = 2147483647;
			files = (
			);
			runOnlyForDeploymentPostprocessing = 0;
		};
/* End PBXFrameworksBuildPhase section */

/* Begin PBXGroup section */
		9F7EC5C81D07A0B000A2961F = {
			isa = PBXGroup;
			children = (
				9F7EC5D31D07A0B000A2961F /* Tumblr */,
				9F7EC5D21D07A0B000A2961F /* Products */,
			);
			sourceTree = "<group>";
		};
		9F7EC5D21D07A0B000A2961F /* Products */ = {
			isa = PBXGroup;
			children = (
				9F7EC5D11D07A0B000A2961F /* Tumblr.app */,
			);
			name = Products;
			sourceTree = "<group>";
		};
		9F7EC5D31D07A0B000A2961F /* Tumblr */ = {
			isa = PBXGroup;
			children = (
				9F7EC5D41D07A0B000A2961F /* AppDelegate.swift */,
				9F7EC5D61D07A0B000A2961F /* ViewController.swift */,
				9F7EC5D81D07A0B000A2961F /* Main.storyboard */,
				9F7EC5DB1D07A0B000A2961F /* Assets.xcassets */,
				9F7EC5DD1D07A0B000A2961F /* LaunchScreen.storyboard */,
				9F7EC5E01D07A0B000A2961F /* Info.plist */,
			);
			path = Tumblr;
			sourceTree = "<group>";
		};
/* End PBXGroup section */

/* Begin PBXNativeTarget section */
		9F7EC5D01D07A0B000A2961F /* Tumblr */ = {
			isa = PBXNativeTarget;
			buildConfigurationList = 9F7EC5E31D07A0B000A2961F /* Build configuration list for PBXNativeTarget "Tumblr" */;
			buildPhases = (
				9F7EC5CD1D07A0B000A2961F /* Sources */,
				9F7EC5CE1D07A0B000A2961F /* Frameworks */,
				9F7EC5CF1D07A0B000A2961F /* Resources */,
			);
			buildRules = (
			);
			dependencies = (
			);
			name = Tumblr;
			productName = Tumblr;
			productReference = 9F7EC5D11D07A0B000A2961F /* Tumblr.app */;
			productType = "com.apple.product-type.application";
		};
/* End PBXNativeTarget section */

/* Begin PBXProject section */
		9F7EC5C91D07A0B000A2961F /* Project object */ = {
			isa = PBXProject;
			attributes = {
				LastSwiftUpdateCheck = 0720;
				LastUpgradeCheck = 0720;
				ORGANIZATIONNAME = "Alexandra Saunders";
				TargetAttributes = {
					9F7EC5D01D07A0B000A2961F = {
						CreatedOnToolsVersion = 7.2.1;
						DevelopmentTeam = YPY4UFVRHH;
					};
				};
			};
			buildConfigurationList = 9F7EC5CC1D07A0B000A2961F /* Build configuration list for PBXProject "Tumblr" */;
			compatibilityVersion = "Xcode 3.2";
			developmentRegion = English;
			hasScannedForEncodings = 0;
			knownRegions = (
				en,
				Base,
			);
			mainGroup = 9F7EC5C81D07A0B000A2961F;
			productRefGroup = 9F7EC5D21D07A0B000A2961F /* Products */;
			projectDirPath = "";
			projectRoot = "";
			targets = (
				9F7EC5D01D07A0B000A2961F /* Tumblr */,
			);
		};
/* End PBXProject section */

/* Begin PBXResourcesBuildPhase section */
		9F7EC5CF1D07A0B000A2961F /* Resources */ = {
			isa = PBXResourcesBuildPhase;
			buildActionMask = 2147483647;
			files = (
				9F7EC5DF1D07A0B000A2961F /* LaunchScreen.storyboard in Resources */,
				9F7EC5DC1D07A0B000A2961F /* Assets.xcassets in Resources */,
				9F7EC5DA1D07A0B000A2961F /* Main.storyboard in Resources */,
			);
			runOnlyForDeploymentPostprocessing = 0;
		};
/* End PBXResourcesBuildPhase section */

/* Begin PBXSourcesBuildPhase section */
		9F7EC5CD1D07A0B000A2961F /* Sources */ = {
			isa = PBXSourcesBuildPhase;
			buildActionMask = 2147483647;
			files = (
				9F7EC5D71D07A0B000A2961F /* ViewController.swift in Sources */,
				9F7EC5D51D07A0B000A2961F /* AppDelegate.swift in Sources */,
			);
			runOnlyForDeploymentPostprocessing = 0;
		};
/* End PBXSourcesBuildPhase section */

/* Begin PBXVariantGroup section */
		9F7EC5D81D07A0B000A2961F /* Main.storyboard */ = {
			isa = PBXVariantGroup;
			children = (
				9F7EC5D91D07A0B000A2961F /* Base */,
			);
			name = Main.storyboard;
			sourceTree = "<group>";
		};
		9F7EC5DD1D07A0B000A2961F /* LaunchScreen.storyboard */ = {
			isa = PBXVariantGroup;
			children = (
				9F7EC5DE1D07A0B000A2961F /* Base */,
			);
			name = LaunchScreen.storyboard;
			sourceTree = "<group>";
		};
/* End PBXVariantGroup section */

/* Begin XCBuildConfiguration section */
		9F7EC5E11D07A0B000A2961F /* Debug */ = {
			isa = XCBuildConfiguration;
			buildSettings = {
				ALWAYS_SEARCH_USER_PATHS = NO;
				CLANG_CXX_LANGUAGE_STANDARD = "gnu++0x";
				CLANG_CXX_LIBRARY = "libc++";
				CLANG_ENABLE_MODULES = YES;
				CLANG_ENABLE_OBJC_ARC = YES;
				CLANG_WARN_BOOL_CONVERSION = YES;
				CLANG_WARN_CONSTANT_CONVERSION = YES;
				CLANG_WARN_DIRECT_OBJC_ISA_USAGE = YES_ERROR;
				CLANG_WARN_EMPTY_BODY = YES;
				CLANG_WARN_ENUM_CONVERSION = YES;
				CLANG_WARN_INT_CONVERSION = YES;
				CLANG_WARN_OBJC_ROOT_CLASS = YES_ERROR;
				CLANG_WARN_UNREACHABLE_CODE = YES;
				CLANG_WARN__DUPLICATE_METHOD_MATCH = YES;
				"CODE_SIGN_IDENTITY[sdk=iphoneos*]" = "iPhone Developer";
				COPY_PHASE_STRIP = NO;
				DEBUG_INFORMATION_FORMAT = dwarf;
				ENABLE_STRICT_OBJC_MSGSEND = YES;
				ENABLE_TESTABILITY = YES;
				GCC_C_LANGUAGE_STANDARD = gnu99;
				GCC_DYNAMIC_NO_PIC = NO;
				GCC_NO_COMMON_BLOCKS = YES;
				GCC_OPTIMIZATION_LEVEL = 0;
				GCC_PREPROCESSOR_DEFINITIONS = (
					"DEBUG=1",
					"$(inherited)",
				);
				GCC_WARN_64_TO_32_BIT_CONVERSION = YES;
				GCC_WARN_ABOUT_RETURN_TYPE = YES_ERROR;
				GCC_WARN_UNDECLARED_SELECTOR = YES;
				GCC_WARN_UNINITIALIZED_AUTOS = YES_AGGRESSIVE;
				GCC_WARN_UNUSED_FUNCTION = YES;
				GCC_WARN_UNUSED_VARIABLE = YES;
				IPHONEOS_DEPLOYMENT_TARGET = 9.2;
				MTL_ENABLE_DEBUG_INFO = YES;
				ONLY_ACTIVE_ARCH = YES;
				SDKROOT = iphoneos;
				SWIFT_OPTIMIZATION_LEVEL = "-Onone";
			};
			name = Debug;
		};
		9F7EC5E21D07A0B000A2961F /* Release */ = {
			isa = XCBuildConfiguration;
			buildSettings = {
				ALWAYS_SEARCH_USER_PATHS = NO;
				CLANG_CXX_LANGUAGE_STANDARD = "gnu++0x";
				CLANG_CXX_LIBRARY = "libc++";
				CLANG_ENABLE_MODULES = YES;
				CLANG_ENABLE_OBJC_ARC = YES;
				CLANG_WARN_BOOL_CONVERSION = YES;
				CLANG_WARN_CONSTANT_CONVERSION = YES;
				CLANG_WARN_DIRECT_OBJC_ISA_USAGE = YES_ERROR;
				CLANG_WARN_EMPTY_BODY = YES;
				CLANG_WARN_ENUM_CONVERSION = YES;
				CLANG_WARN_INT_CONVERSION = YES;
				CLANG_WARN_OBJC_ROOT_CLASS = YES_ERROR;
				CLANG_WARN_UNREACHABLE_CODE = YES;
				CLANG_WARN__DUPLICATE_METHOD_MATCH = YES;
				"CODE_SIGN_IDENTITY[sdk=iphoneos*]" = "iPhone Developer";
				COPY_PHASE_STRIP = NO;
				DEBUG_INFORMATION_FORMAT = "dwarf-with-dsym";
				ENABLE_NS_ASSERTIONS = NO;
				ENABLE_STRICT_OBJC_MSGSEND = YES;
				GCC_C_LANGUAGE_STANDARD = gnu99;
				GCC_NO_COMMON_BLOCKS = YES;
				GCC_WARN_64_TO_32_BIT_CONVERSION = YES;
				GCC_WARN_ABOUT_RETURN_TYPE = YES_ERROR;
				GCC_WARN_UNDECLARED_SELECTOR = YES;
				GCC_WARN_UNINITIALIZED_AUTOS = YES_AGGRESSIVE;
				GCC_WARN_UNUSED_FUNCTION = YES;
				GCC_WARN_UNUSED_VARIABLE = YES;
				IPHONEOS_DEPLOYMENT_TARGET = 9.2;
				MTL_ENABLE_DEBUG_INFO = NO;
				SDKROOT = iphoneos;
				VALIDATE_PRODUCT = YES;
			};
			name = Release;
		};
		9F7EC5E41D07A0B000A2961F /* Debug */ = {
			isa = XCBuildConfiguration;
			buildSettings = {
				ASSETCATALOG_COMPILER_APPICON_NAME = AppIcon;
				INFOPLIST_FILE = Tumblr/Info.plist;
				LD_RUNPATH_SEARCH_PATHS = "$(inherited) @executable_path/Frameworks";
				PRODUCT_BUNDLE_IDENTIFIER = com.example.Tumblr;
				PRODUCT_NAME = "$(TARGET_NAME)";
			};
			name = Debug;
		};
		9F7EC5E51D07A0B000A2961F /* Release */ = {
			isa = XCBuildConfiguration;
			buildSettings = {
				ASSETCATALOG_COMPILER_APPICON_NAME = AppIcon;
				INFOPLIST_FILE = Tumblr/Info.plist;
				LD_RUNPATH_SEARCH_PATHS = "$(inherited) @executable_path/Frameworks";
				PRODUCT_BUNDLE_IDENTIFIER = com.example.Tumblr;
				PRODUCT_NAME = "$(TARGET_NAME)";
			};
			name = Release;
		};
/* End XCBuildConfiguration section */

/* Begin XCConfigurationList section */
		9F7EC5CC1D07A0B000A2961F /* Build configuration list for PBXProject "Tumblr" */ = {
			isa = XCConfigurationList;
			buildConfigurations = (
				9F7EC5E11D07A0B000A2961F /* Debug */,
				9F7EC5E21D07A0B000A2961F /* Release */,
			);
			defaultConfigurationIsVisible = 0;
			defaultConfigurationName = Release;
		};
		9F7EC5E31D07A0B000A2961F /* Build configuration list for PBXNativeTarget "Tumblr" */ = {
			isa = XCConfigurationList;
			buildConfigurations = (
				9F7EC5E41D07A0B000A2961F /* Debug */,
				9F7EC5E51D07A0B000A2961F /* Release */,
			);
			defaultConfigurationIsVisible = 0;
		};
/* End XCConfigurationList section */
	};
	rootObject = 9F7EC5C91D07A0B000A2961F /* Project object */;
}
